// !$*UTF8*$!
{
	archiveVersion = 1;
	classes = {
	};
	objectVersion = 46;
	objects = {

/* Begin PBXBuildFile section */
		5EC0AAE71DBC5DDF009F4905 /* AppDelegate.swift in Sources */ = {isa = PBXBuildFile; fileRef = 5EC0AAE61DBC5DDF009F4905 /* AppDelegate.swift */; };
		5EC0AAE91DBC5DDF009F4905 /* ViewController.swift in Sources */ = {isa = PBXBuildFile; fileRef = 5EC0AAE81DBC5DDF009F4905 /* ViewController.swift */; };
		5EC0AAEC1DBC5DDF009F4905 /* Main.storyboard in Resources */ = {isa = PBXBuildFile; fileRef = 5EC0AAEA1DBC5DDF009F4905 /* Main.storyboard */; };
		5EC0AAEE1DBC5DDF009F4905 /* Assets.xcassets in Resources */ = {isa = PBXBuildFile; fileRef = 5EC0AAED1DBC5DDF009F4905 /* Assets.xcassets */; };
		5EC0AAF11DBC5DDF009F4905 /* LaunchScreen.storyboard in Resources */ = {isa = PBXBuildFile; fileRef = 5EC0AAEF1DBC5DDF009F4905 /* LaunchScreen.storyboard */; };
		5EC0AAFC1DBC5DDF009F4905 /* DestroytheworldTests.swift in Sources */ = {isa = PBXBuildFile; fileRef = 5EC0AAFB1DBC5DDF009F4905 /* DestroytheworldTests.swift */; };
		5EC0AB071DBC5DDF009F4905 /* DestroytheworldUITests.swift in Sources */ = {isa = PBXBuildFile; fileRef = 5EC0AB061DBC5DDF009F4905 /* DestroytheworldUITests.swift */; };
/* End PBXBuildFile section */

/* Begin PBXContainerItemProxy section */
		5EC0AAF81DBC5DDF009F4905 /* PBXContainerItemProxy */ = {
			isa = PBXContainerItemProxy;
			containerPortal = 5EC0AADB1DBC5DDF009F4905 /* Project object */;
			proxyType = 1;
			remoteGlobalIDString = 5EC0AAE21DBC5DDF009F4905;
			remoteInfo = Destroytheworld;
		};
		5EC0AB031DBC5DDF009F4905 /* PBXContainerItemProxy */ = {
			isa = PBXContainerItemProxy;
			containerPortal = 5EC0AADB1DBC5DDF009F4905 /* Project object */;
			proxyType = 1;
			remoteGlobalIDString = 5EC0AAE21DBC5DDF009F4905;
			remoteInfo = Destroytheworld;
		};
/* End PBXContainerItemProxy section */

/* Begin PBXFileReference section */
		5EC0AAE31DBC5DDF009F4905 /* Destroytheworld.app */ = {isa = PBXFileReference; explicitFileType = wrapper.application; includeInIndex = 0; path = Destroytheworld.app; sourceTree = BUILT_PRODUCTS_DIR; };
		5EC0AAE61DBC5DDF009F4905 /* AppDelegate.swift */ = {isa = PBXFileReference; lastKnownFileType = sourcecode.swift; path = AppDelegate.swift; sourceTree = "<group>"; };
		5EC0AAE81DBC5DDF009F4905 /* ViewController.swift */ = {isa = PBXFileReference; lastKnownFileType = sourcecode.swift; path = ViewController.swift; sourceTree = "<group>"; };
		5EC0AAEB1DBC5DDF009F4905 /* Base */ = {isa = PBXFileReference; lastKnownFileType = file.storyboard; name = Base; path = Base.lproj/Main.storyboard; sourceTree = "<group>"; };
		5EC0AAED1DBC5DDF009F4905 /* Assets.xcassets */ = {isa = PBXFileReference; lastKnownFileType = folder.assetcatalog; path = Assets.xcassets; sourceTree = "<group>"; };
		5EC0AAF01DBC5DDF009F4905 /* Base */ = {isa = PBXFileReference; lastKnownFileType = file.storyboard; name = Base; path = Base.lproj/LaunchScreen.storyboard; sourceTree = "<group>"; };
		5EC0AAF21DBC5DDF009F4905 /* Info.plist */ = {isa = PBXFileReference; lastKnownFileType = text.plist.xml; path = Info.plist; sourceTree = "<group>"; };
		5EC0AAF71DBC5DDF009F4905 /* DestroytheworldTests.xctest */ = {isa = PBXFileReference; explicitFileType = wrapper.cfbundle; includeInIndex = 0; path = DestroytheworldTests.xctest; sourceTree = BUILT_PRODUCTS_DIR; };
		5EC0AAFB1DBC5DDF009F4905 /* DestroytheworldTests.swift */ = {isa = PBXFileReference; lastKnownFileType = sourcecode.swift; path = DestroytheworldTests.swift; sourceTree = "<group>"; };
		5EC0AAFD1DBC5DDF009F4905 /* Info.plist */ = {isa = PBXFileReference; lastKnownFileType = text.plist.xml; path = Info.plist; sourceTree = "<group>"; };
		5EC0AB021DBC5DDF009F4905 /* DestroytheworldUITests.xctest */ = {isa = PBXFileReference; explicitFileType = wrapper.cfbundle; includeInIndex = 0; path = DestroytheworldUITests.xctest; sourceTree = BUILT_PRODUCTS_DIR; };
		5EC0AB061DBC5DDF009F4905 /* DestroytheworldUITests.swift */ = {isa = PBXFileReference; lastKnownFileType = sourcecode.swift; path = DestroytheworldUITests.swift; sourceTree = "<group>"; };
		5EC0AB081DBC5DDF009F4905 /* Info.plist */ = {isa = PBXFileReference; lastKnownFileType = text.plist.xml; path = Info.plist; sourceTree = "<group>"; };
/* End PBXFileReference section */

/* Begin PBXFrameworksBuildPhase section */
		5EC0AAE01DBC5DDF009F4905 /* Frameworks */ = {
			isa = PBXFrameworksBuildPhase;
			buildActionMask = 2147483647;
			files = (
			);
			runOnlyForDeploymentPostprocessing = 0;
		};
		5EC0AAF41DBC5DDF009F4905 /* Frameworks */ = {
			isa = PBXFrameworksBuildPhase;
			buildActionMask = 2147483647;
			files = (
			);
			runOnlyForDeploymentPostprocessing = 0;
		};
		5EC0AAFF1DBC5DDF009F4905 /* Frameworks */ = {
			isa = PBXFrameworksBuildPhase;
			buildActionMask = 2147483647;
			files = (
			);
			runOnlyForDeploymentPostprocessing = 0;
		};
/* End PBXFrameworksBuildPhase section */

/* Begin PBXGroup section */
		5EC0AADA1DBC5DDF009F4905 = {
			isa = PBXGroup;
			children = (
				5EC0AAE51DBC5DDF009F4905 /* Destroytheworld */,
				5EC0AAFA1DBC5DDF009F4905 /* DestroytheworldTests */,
				5EC0AB051DBC5DDF009F4905 /* DestroytheworldUITests */,
				5EC0AAE41DBC5DDF009F4905 /* Products */,
			);
			sourceTree = "<group>";
		};
		5EC0AAE41DBC5DDF009F4905 /* Products */ = {
			isa = PBXGroup;
			children = (
				5EC0AAE31DBC5DDF009F4905 /* Destroytheworld.app */,
				5EC0AAF71DBC5DDF009F4905 /* DestroytheworldTests.xctest */,
				5EC0AB021DBC5DDF009F4905 /* DestroytheworldUITests.xctest */,
			);
			name = Products;
			sourceTree = "<group>";
		};
		5EC0AAE51DBC5DDF009F4905 /* Destroytheworld */ = {
			isa = PBXGroup;
			children = (
				5EC0AAE61DBC5DDF009F4905 /* AppDelegate.swift */,
				5EC0AAE81DBC5DDF009F4905 /* ViewController.swift */,
				5EC0AAEA1DBC5DDF009F4905 /* Main.storyboard */,
				5EC0AAED1DBC5DDF009F4905 /* Assets.xcassets */,
				5EC0AAEF1DBC5DDF009F4905 /* LaunchScreen.storyboard */,
				5EC0AAF21DBC5DDF009F4905 /* Info.plist */,
			);
			path = Destroytheworld;
			sourceTree = "<group>";
		};
		5EC0AAFA1DBC5DDF009F4905 /* DestroytheworldTests */ = {
			isa = PBXGroup;
			children = (
				5EC0AAFB1DBC5DDF009F4905 /* DestroytheworldTests.swift */,
				5EC0AAFD1DBC5DDF009F4905 /* Info.plist */,
			);
			path = DestroytheworldTests;
			sourceTree = "<group>";
		};
		5EC0AB051DBC5DDF009F4905 /* DestroytheworldUITests */ = {
			isa = PBXGroup;
			children = (
				5EC0AB061DBC5DDF009F4905 /* DestroytheworldUITests.swift */,
				5EC0AB081DBC5DDF009F4905 /* Info.plist */,
			);
			path = DestroytheworldUITests;
			sourceTree = "<group>";
		};
/* End PBXGroup section */

/* Begin PBXNativeTarget section */
		5EC0AAE21DBC5DDF009F4905 /* Destroytheworld */ = {
			isa = PBXNativeTarget;
			buildConfigurationList = 5EC0AB0B1DBC5DDF009F4905 /* Build configuration list for PBXNativeTarget "Destroytheworld" */;
			buildPhases = (
				5EC0AADF1DBC5DDF009F4905 /* Sources */,
				5EC0AAE01DBC5DDF009F4905 /* Frameworks */,
				5EC0AAE11DBC5DDF009F4905 /* Resources */,
			);
			buildRules = (
			);
			dependencies = (
			);
			name = Destroytheworld;
			productName = Destroytheworld;
			productReference = 5EC0AAE31DBC5DDF009F4905 /* Destroytheworld.app */;
			productType = "com.apple.product-type.application";
		};
		5EC0AAF61DBC5DDF009F4905 /* DestroytheworldTests */ = {
			isa = PBXNativeTarget;
			buildConfigurationList = 5EC0AB0E1DBC5DDF009F4905 /* Build configuration list for PBXNativeTarget "DestroytheworldTests" */;
			buildPhases = (
				5EC0AAF31DBC5DDF009F4905 /* Sources */,
				5EC0AAF41DBC5DDF009F4905 /* Frameworks */,
				5EC0AAF51DBC5DDF009F4905 /* Resources */,
			);
			buildRules = (
			);
			dependencies = (
				5EC0AAF91DBC5DDF009F4905 /* PBXTargetDependency */,
			);
			name = DestroytheworldTests;
			productName = DestroytheworldTests;
			productReference = 5EC0AAF71DBC5DDF009F4905 /* DestroytheworldTests.xctest */;
			productType = "com.apple.product-type.bundle.unit-test";
		};
		5EC0AB011DBC5DDF009F4905 /* DestroytheworldUITests */ = {
			isa = PBXNativeTarget;
			buildConfigurationList = 5EC0AB111DBC5DDF009F4905 /* Build configuration list for PBXNativeTarget "DestroytheworldUITests" */;
			buildPhases = (
				5EC0AAFE1DBC5DDF009F4905 /* Sources */,
				5EC0AAFF1DBC5DDF009F4905 /* Frameworks */,
				5EC0AB001DBC5DDF009F4905 /* Resources */,
			);
			buildRules = (
			);
			dependencies = (
				5EC0AB041DBC5DDF009F4905 /* PBXTargetDependency */,
			);
			name = DestroytheworldUITests;
			productName = DestroytheworldUITests;
			productReference = 5EC0AB021DBC5DDF009F4905 /* DestroytheworldUITests.xctest */;
			productType = "com.apple.product-type.bundle.ui-testing";
		};
/* End PBXNativeTarget section */

/* Begin PBXProject section */
		5EC0AADB1DBC5DDF009F4905 /* Project object */ = {
			isa = PBXProject;
			attributes = {
				LastSwiftUpdateCheck = 0800;
				LastUpgradeCheck = 0800;
				ORGANIZATIONNAME = TanCheeWing;
				TargetAttributes = {
					5EC0AAE21DBC5DDF009F4905 = {
						CreatedOnToolsVersion = 8.0;
						ProvisioningStyle = Automatic;
					};
					5EC0AAF61DBC5DDF009F4905 = {
						CreatedOnToolsVersion = 8.0;
						ProvisioningStyle = Automatic;
						TestTargetID = 5EC0AAE21DBC5DDF009F4905;
					};
					5EC0AB011DBC5DDF009F4905 = {
						CreatedOnToolsVersion = 8.0;
						ProvisioningStyle = Automatic;
						TestTargetID = 5EC0AAE21DBC5DDF009F4905;
					};
				};
			};
			buildConfigurationList = 5EC0AADE1DBC5DDF009F4905 /* Build configuration list for PBXProject "Destroytheworld" */;
			compatibilityVersion = "Xcode 3.2";
			developmentRegion = English;
			hasScannedForEncodings = 0;
			knownRegions = (
				en,
				Base,
			);
			mainGroup = 5EC0AADA1DBC5DDF009F4905;
			productRefGroup = 5EC0AAE41DBC5DDF009F4905 /* Products */;
			projectDirPath = "";
			projectRoot = "";
			targets = (
				5EC0AAE21DBC5DDF009F4905 /* Destroytheworld */,
				5EC0AAF61DBC5DDF009F4905 /* DestroytheworldTests */,
				5EC0AB011DBC5DDF009F4905 /* DestroytheworldUITests */,
			);
		};
/* End PBXProject section */

/* Begin PBXResourcesBuildPhase section */
		5EC0AAE11DBC5DDF009F4905 /* Resources */ = {
			isa = PBXResourcesBuildPhase;
			buildActionMask = 2147483647;
			files = (
				5EC0AAF11DBC5DDF009F4905 /* LaunchScreen.storyboard in Resources */,
				5EC0AAEE1DBC5DDF009F4905 /* Assets.xcassets in Resources */,
				5EC0AAEC1DBC5DDF009F4905 /* Main.storyboard in Resources */,
			);
			runOnlyForDeploymentPostprocessing = 0;
		};
		5EC0AAF51DBC5DDF009F4905 /* Resources */ = {
			isa = PBXResourcesBuildPhase;
			buildActionMask = 2147483647;
			files = (
			);
			runOnlyForDeploymentPostprocessing = 0;
		};
		5EC0AB001DBC5DDF009F4905 /* Resources */ = {
			isa = PBXResourcesBuildPhase;
			buildActionMask = 2147483647;
			files = (
			);
			runOnlyForDeploymentPostprocessing = 0;
		};
/* End PBXResourcesBuildPhase section */

/* Begin PBXSourcesBuildPhase section */
		5EC0AADF1DBC5DDF009F4905 /* Sources */ = {
			isa = PBXSourcesBuildPhase;
			buildActionMask = 2147483647;
			files = (
				5EC0AAE91DBC5DDF009F4905 /* ViewController.swift in Sources */,
				5EC0AAE71DBC5DDF009F4905 /* AppDelegate.swift in Sources */,
			);
			runOnlyForDeploymentPostprocessing = 0;
		};
		5EC0AAF31DBC5DDF009F4905 /* Sources */ = {
			isa = PBXSourcesBuildPhase;
			buildActionMask = 2147483647;
			files = (
				5EC0AAFC1DBC5DDF009F4905 /* DestroytheworldTests.swift in Sources */,
			);
			runOnlyForDeploymentPostprocessing = 0;
		};
		5EC0AAFE1DBC5DDF009F4905 /* Sources */ = {
			isa = PBXSourcesBuildPhase;
			buildActionMask = 2147483647;
			files = (
				5EC0AB071DBC5DDF009F4905 /* DestroytheworldUITests.swift in Sources */,
			);
			runOnlyForDeploymentPostprocessing = 0;
		};
/* End PBXSourcesBuildPhase section */

/* Begin PBXTargetDependency section */
		5EC0AAF91DBC5DDF009F4905 /* PBXTargetDependency */ = {
			isa = PBXTargetDependency;
			target = 5EC0AAE21DBC5DDF009F4905 /* Destroytheworld */;
			targetProxy = 5EC0AAF81DBC5DDF009F4905 /* PBXContainerItemProxy */;
		};
		5EC0AB041DBC5DDF009F4905 /* PBXTargetDependency */ = {
			isa = PBXTargetDependency;
			target = 5EC0AAE21DBC5DDF009F4905 /* Destroytheworld */;
			targetProxy = 5EC0AB031DBC5DDF009F4905 /* PBXContainerItemProxy */;
		};
/* End PBXTargetDependency section */

/* Begin PBXVariantGroup section */
		5EC0AAEA1DBC5DDF009F4905 /* Main.storyboard */ = {
			isa = PBXVariantGroup;
			children = (
				5EC0AAEB1DBC5DDF009F4905 /* Base */,
			);
			name = Main.storyboard;
			sourceTree = "<group>";
		};
		5EC0AAEF1DBC5DDF009F4905 /* LaunchScreen.storyboard */ = {
			isa = PBXVariantGroup;
			children = (
				5EC0AAF01DBC5DDF009F4905 /* Base */,
			);
			name = LaunchScreen.storyboard;
			sourceTree = "<group>";
		};
/* End PBXVariantGroup section */

/* Begin XCBuildConfiguration section */
		5EC0AB091DBC5DDF009F4905 /* Debug */ = {
			isa = XCBuildConfiguration;
			buildSettings = {
				ALWAYS_SEARCH_USER_PATHS = NO;
				CLANG_ANALYZER_NONNULL = YES;
				CLANG_CXX_LANGUAGE_STANDARD = "gnu++0x";
				CLANG_CXX_LIBRARY = "libc++";
				CLANG_ENABLE_MODULES = YES;
				CLANG_ENABLE_OBJC_ARC = YES;
				CLANG_WARN_BOOL_CONVERSION = YES;
				CLANG_WARN_CONSTANT_CONVERSION = YES;
				CLANG_WARN_DIRECT_OBJC_ISA_USAGE = YES_ERROR;
				CLANG_WARN_DOCUMENTATION_COMMENTS = YES;
				CLANG_WARN_EMPTY_BODY = YES;
				CLANG_WARN_ENUM_CONVERSION = YES;
				CLANG_WARN_INFINITE_RECURSION = YES;
				CLANG_WARN_INT_CONVERSION = YES;
				CLANG_WARN_OBJC_ROOT_CLASS = YES_ERROR;
				CLANG_WARN_SUSPICIOUS_MOVES = YES;
				CLANG_WARN_UNREACHABLE_CODE = YES;
				CLANG_WARN__DUPLICATE_METHOD_MATCH = YES;
				"CODE_SIGN_IDENTITY[sdk=iphoneos*]" = "iPhone Developer";
				COPY_PHASE_STRIP = NO;
				DEBUG_INFORMATION_FORMAT = dwarf;
				ENABLE_STRICT_OBJC_MSGSEND = YES;
				ENABLE_TESTABILITY = YES;
				GCC_C_LANGUAGE_STANDARD = gnu99;
				GCC_DYNAMIC_NO_PIC = NO;
				GCC_NO_COMMON_BLOCKS = YES;
				GCC_OPTIMIZATION_LEVEL = 0;
				GCC_PREPROCESSOR_DEFINITIONS = (
					"DEBUG=1",
					"$(inherited)",
				);
				GCC_WARN_64_TO_32_BIT_CONVERSION = YES;
				GCC_WARN_ABOUT_RETURN_TYPE = YES_ERROR;
				GCC_WARN_UNDECLARED_SELECTOR = YES;
				GCC_WARN_UNINITIALIZED_AUTOS = YES_AGGRESSIVE;
				GCC_WARN_UNUSED_FUNCTION = YES;
				GCC_WARN_UNUSED_VARIABLE = YES;
				IPHONEOS_DEPLOYMENT_TARGET = 10.0;
				MTL_ENABLE_DEBUG_INFO = YES;
				ONLY_ACTIVE_ARCH = YES;
				SDKROOT = iphoneos;
				SWIFT_ACTIVE_COMPILATION_CONDITIONS = DEBUG;
				SWIFT_OPTIMIZATION_LEVEL = "-Onone";
			};
			name = Debug;
		};
		5EC0AB0A1DBC5DDF009F4905 /* Release */ = {
			isa = XCBuildConfiguration;
			buildSettings = {
				ALWAYS_SEARCH_USER_PATHS = NO;
				CLANG_ANALYZER_NONNULL = YES;
				CLANG_CXX_LANGUAGE_STANDARD = "gnu++0x";
				CLANG_CXX_LIBRARY = "libc++";
				CLANG_ENABLE_MODULES = YES;
				CLANG_ENABLE_OBJC_ARC = YES;
				CLANG_WARN_BOOL_CONVERSION = YES;
				CLANG_WARN_CONSTANT_CONVERSION = YES;
				CLANG_WARN_DIRECT_OBJC_ISA_USAGE = YES_ERROR;
				CLANG_WARN_DOCUMENTATION_COMMENTS = YES;
				CLANG_WARN_EMPTY_BODY = YES;
				CLANG_WARN_ENUM_CONVERSION = YES;
				CLANG_WARN_INFINITE_RECURSION = YES;
				CLANG_WARN_INT_CONVERSION = YES;
				CLANG_WARN_OBJC_ROOT_CLASS = YES_ERROR;
				CLANG_WARN_SUSPICIOUS_MOVES = YES;
				CLANG_WARN_UNREACHABLE_CODE = YES;
				CLANG_WARN__DUPLICATE_METHOD_MATCH = YES;
				"CODE_SIGN_IDENTITY[sdk=iphoneos*]" = "iPhone Developer";
				COPY_PHASE_STRIP = NO;
				DEBUG_INFORMATION_FORMAT = "dwarf-with-dsym";
				ENABLE_NS_ASSERTIONS = NO;
				ENABLE_STRICT_OBJC_MSGSEND = YES;
				GCC_C_LANGUAGE_STANDARD = gnu99;
				GCC_NO_COMMON_BLOCKS = YES;
				GCC_WARN_64_TO_32_BIT_CONVERSION = YES;
				GCC_WARN_ABOUT_RETURN_TYPE = YES_ERROR;
				GCC_WARN_UNDECLARED_SELECTOR = YES;
				GCC_WARN_UNINITIALIZED_AUTOS = YES_AGGRESSIVE;
				GCC_WARN_UNUSED_FUNCTION = YES;
				GCC_WARN_UNUSED_VARIABLE = YES;
				IPHONEOS_DEPLOYMENT_TARGET = 10.0;
				MTL_ENABLE_DEBUG_INFO = NO;
				SDKROOT = iphoneos;
				SWIFT_OPTIMIZATION_LEVEL = "-Owholemodule";
				VALIDATE_PRODUCT = YES;
			};
			name = Release;
		};
		5EC0AB0C1DBC5DDF009F4905 /* Debug */ = {
			isa = XCBuildConfiguration;
			buildSettings = {
				ASSETCATALOG_COMPILER_APPICON_NAME = AppIcon;
				INFOPLIST_FILE = Destroytheworld/Info.plist;
				LD_RUNPATH_SEARCH_PATHS = "$(inherited) @executable_path/Frameworks";
				PRODUCT_BUNDLE_IDENTIFIER = org.cheewing.Destroytheworld;
				PRODUCT_NAME = "$(TARGET_NAME)";
				SWIFT_VERSION = 3.0;
			};
			name = Debug;
		};
		5EC0AB0D1DBC5DDF009F4905 /* Release */ = {
			isa = XCBuildConfiguration;
			buildSettings = {
				ASSETCATALOG_COMPILER_APPICON_NAME = AppIcon;
				INFOPLIST_FILE = Destroytheworld/Info.plist;
				LD_RUNPATH_SEARCH_PATHS = "$(inherited) @executable_path/Frameworks";
				PRODUCT_BUNDLE_IDENTIFIER = org.cheewing.Destroytheworld;
				PRODUCT_NAME = "$(TARGET_NAME)";
				SWIFT_VERSION = 3.0;
			};
			name = Release;
		};
		5EC0AB0F1DBC5DDF009F4905 /* Debug */ = {
			isa = XCBuildConfiguration;
			buildSettings = {
				ALWAYS_EMBED_SWIFT_STANDARD_LIBRARIES = YES;
				BUNDLE_LOADER = "$(TEST_HOST)";
				INFOPLIST_FILE = DestroytheworldTests/Info.plist;
				LD_RUNPATH_SEARCH_PATHS = "$(inherited) @executable_path/Frameworks @loader_path/Frameworks";
				PRODUCT_BUNDLE_IDENTIFIER = org.cheewing.DestroytheworldTests;
				PRODUCT_NAME = "$(TARGET_NAME)";
				SWIFT_VERSION = 3.0;
				TEST_HOST = "$(BUILT_PRODUCTS_DIR)/Destroytheworld.app/Destroytheworld";
			};
			name = Debug;
		};
		5EC0AB101DBC5DDF009F4905 /* Release */ = {
			isa = XCBuildConfiguration;
			buildSettings = {
				ALWAYS_EMBED_SWIFT_STANDARD_LIBRARIES = YES;
				BUNDLE_LOADER = "$(TEST_HOST)";
				INFOPLIST_FILE = DestroytheworldTests/Info.plist;
				LD_RUNPATH_SEARCH_PATHS = "$(inherited) @executable_path/Frameworks @loader_path/Frameworks";
				PRODUCT_BUNDLE_IDENTIFIER = org.cheewing.DestroytheworldTests;
				PRODUCT_NAME = "$(TARGET_NAME)";
				SWIFT_VERSION = 3.0;
				TEST_HOST = "$(BUILT_PRODUCTS_DIR)/Destroytheworld.app/Destroytheworld";
			};
			name = Release;
		};
		5EC0AB121DBC5DDF009F4905 /* Debug */ = {
			isa = XCBuildConfiguration;
			buildSettings = {
				ALWAYS_EMBED_SWIFT_STANDARD_LIBRARIES = YES;
				INFOPLIST_FILE = DestroytheworldUITests/Info.plist;
				LD_RUNPATH_SEARCH_PATHS = "$(inherited) @executable_path/Frameworks @loader_path/Frameworks";
				PRODUCT_BUNDLE_IDENTIFIER = org.cheewing.DestroytheworldUITests;
				PRODUCT_NAME = "$(TARGET_NAME)";
				SWIFT_VERSION = 3.0;
				TEST_TARGET_NAME = Destroytheworld;
			};
			name = Debug;
		};
		5EC0AB131DBC5DDF009F4905 /* Release */ = {
			isa = XCBuildConfiguration;
			buildSettings = {
				ALWAYS_EMBED_SWIFT_STANDARD_LIBRARIES = YES;
				INFOPLIST_FILE = DestroytheworldUITests/Info.plist;
				LD_RUNPATH_SEARCH_PATHS = "$(inherited) @executable_path/Frameworks @loader_path/Frameworks";
				PRODUCT_BUNDLE_IDENTIFIER = org.cheewing.DestroytheworldUITests;
				PRODUCT_NAME = "$(TARGET_NAME)";
				SWIFT_VERSION = 3.0;
				TEST_TARGET_NAME = Destroytheworld;
			};
			name = Release;
		};
/* End XCBuildConfiguration section */

/* Begin XCConfigurationList section */
		5EC0AADE1DBC5DDF009F4905 /* Build configuration list for PBXProject "Destroytheworld" */ = {
			isa = XCConfigurationList;
			buildConfigurations = (
				5EC0AB091DBC5DDF009F4905 /* Debug */,
				5EC0AB0A1DBC5DDF009F4905 /* Release */,
			);
			defaultConfigurationIsVisible = 0;
			defaultConfigurationName = Release;
		};
		5EC0AB0B1DBC5DDF009F4905 /* Build configuration list for PBXNativeTarget "Destroytheworld" */ = {
			isa = XCConfigurationList;
			buildConfigurations = (
				5EC0AB0C1DBC5DDF009F4905 /* Debug */,
				5EC0AB0D1DBC5DDF009F4905 /* Release */,
			);
			defaultConfigurationIsVisible = 0;
		};
		5EC0AB0E1DBC5DDF009F4905 /* Build configuration list for PBXNativeTarget "DestroytheworldTests" */ = {
			isa = XCConfigurationList;
			buildConfigurations = (
				5EC0AB0F1DBC5DDF009F4905 /* Debug */,
				5EC0AB101DBC5DDF009F4905 /* Release */,
			);
			defaultConfigurationIsVisible = 0;
		};
		5EC0AB111DBC5DDF009F4905 /* Build configuration list for PBXNativeTarget "DestroytheworldUITests" */ = {
			isa = XCConfigurationList;
			buildConfigurations = (
				5EC0AB121DBC5DDF009F4905 /* Debug */,
				5EC0AB131DBC5DDF009F4905 /* Release */,
			);
			defaultConfigurationIsVisible = 0;
		};
/* End XCConfigurationList section */
	};
	rootObject = 5EC0AADB1DBC5DDF009F4905 /* Project object */;
}
